{
  "name": "helloworld",
  "version": "1.0.0",
  "lockfileVersion": 3,
  "requires": true,
  "packages": {
    "": {
      "name": "helloworld",
      "version": "1.0.0",
      "license": "ISC",
      "dependencies": {
        "js-distributor": "file:../../../../Personal/js-distributor-lucredio/distributor"
      },
      "devDependencies": {
        "js-yaml": "^4.1.0"
      }
    },
    "../../../../Personal/js-distributor-lucredio/distributor": {
      "name": "js-distributor",
      "version": "2.0.4",
      "license": "ISC",
      "dependencies": {
        "@babel/generator": "^7.28.3",
        "@babel/parser": "^7.28.4",
        "@babel/traverse": "^7.28.4",
        "@babel/types": "^7.28.4",
        "chalk": "^5.4.1",
        "child_process": "^1.0.2",
        "commander": "^13.1.0",
        "glob": "^8.0.3",
        "gradient-string": "^3.0.0",
        "js-beautify": "^1.14.6",
        "js-yaml": "^4.1.0",
        "minimatch": "^10.0.1"
      },
      "bin": {
        "js-distributor-scripts": "bin/distributor-scripts.js"
      }
    },
    "../../../Personal/js-distributor-lucredio/distributor": {
      "extraneous": true
    },
    "node_modules/argparse": {
      "version": "2.0.1",
      "resolved": "https://registry.npmjs.org/argparse/-/argparse-2.0.1.tgz",
      "integrity": "sha512-8+9WqebbFzpX9OR+Wa6O29asIogeRMzcGtAINdpMHHyAg10f05aSFVBbcEqGf/PXw1EjAZ+q2/bEBg3DvurK3Q==",
      "dev": true,
      "license": "Python-2.0"
    },
    "node_modules/js-distributor": {
      "resolved": "../../../../Personal/js-distributor-lucredio/distributor",
      "link": true
    },
    "node_modules/js-yaml": {
      "version": "4.3.1",
      "resolved": "https://registry.npmjs.org/js-yaml/-/js-yaml-4.3.1.tgz",
      "integrity": "sha512-CY6crGq313MX8GkwvB7tzgp99vjQxY1++5y10/BKN/GUfHqWaOGQMNZkBvqSzsZKWk/ijwHlWzzkLulsGHhjWQ==",
      "dev": true,
      "funding": [
        {
          "type": "github",
          "url": "https://github.com/sponsors/puzrin"
        },
        {
          "type": "github",
          "url": "https://github.com/sponsors/nodeca"
        }
      ],
      "license": "MIT",
      "dependencies": {
        "argparse": "^2.0.1"
      },
      "bin": {
        "js-yaml": "bin/js-yaml.js"
      }
    }
  }
}
